
Microsoft Visual Studio Solution File, Format Version 12.00
# Visual Studio 15
VisualStudioVersion = 15.0.27004.2006
MinimumVisualStudioVersion = 10.0.40219.1
Project("{9A19103F-16F7-4668-BE54-9A1E7A4F7556}") = "Consul", "Consul\Consul.csproj", "{15A59C9C-7631-4AA0-8321-FE6E6B8CA801}"
EndProject
Project("{2150E333-8FDC-42A3-9474-1A3956D46DE8}") = "src", "src", "{47D5866C-C4DB-4920-A43A-6D1CAEF9F130}"
EndProject
Project("{2150E333-8FDC-42A3-9474-1A3956D46DE8}") = "test", "test", "{8AF3718B-7D9E-4EEC-807F-DFFA6ADE604D}"
EndProject
Project("{FAE04EC0-301F-11D3-BF4B-00C04F79EFBC}") = "Consul.Tests", "..\test\Consul.Tests\Consul.Tests.csproj", "{B997DC49-A2A5-4D51-AB90-D1D2C194837C}"
EndProject
Global
	GlobalSection(SolutionConfigurationPlatforms) = preSolution
		Debug|Any CPU = Debug|Any CPU
		Release|Any CPU = Release|Any CPU
	EndGlobalSection
	GlobalSection(ProjectConfigurationPlatforms) = postSolution
		{15A59C9C-7631-4AA0-8321-FE6E6B8CA801}.Debug|Any CPU.ActiveCfg = Debug|Any CPU
		{15A59C9C-7631-4AA0-8321-FE6E6B8CA801}.Debug|Any CPU.Build.0 = Debug|Any CPU
		{15A59C9C-7631-4AA0-8321-FE6E6B8CA801}.Release|Any CPU.ActiveCfg = Release|Any CPU
		{15A59C9C-7631-4AA0-8321-FE6E6B8CA801}.Release|Any CPU.Build.0 = Release|Any CPU
		{B997DC49-A2A5-4D51-AB90-D1D2C194837C}.Debug|Any CPU.ActiveCfg = Debug|Any CPU
		{B997DC49-A2A5-4D51-AB90-D1D2C194837C}.Debug|Any CPU.Build.0 = Debug|Any CPU
		{B997DC49-A2A5-4D51-AB90-D1D2C194837C}.Release|Any CPU.ActiveCfg = Release|Any CPU
		{B997DC49-A2A5-4D51-AB90-D1D2C194837C}.Release|Any CPU.Build.0 = Release|Any CPU
	EndGlobalSection
	GlobalSection(SolutionProperties) = preSolution
		HideSolutionNode = FALSE
	EndGlobalSection
	GlobalSection(NestedProjects) = preSolution
		{15A59C9C-7631-4AA0-8321-FE6E6B8CA801} = {47D5866C-C4DB-4920-A43A-6D1CAEF9F130}
		{B997DC49-A2A5-4D51-AB90-D1D2C194837C} = {8AF3718B-7D9E-4EEC-807F-DFFA6ADE604D}
	EndGlobalSection
	GlobalSection(ExtensibilityGlobals) = postSolution
		SolutionGuid = {265A5709-1EA1-4609-A992-3B47AE04110C}
	EndGlobalSection
EndGlobal
